
Microsoft Visual Studio Solution File, Format Version 12.00
# Visual Studio Version 17
VisualStudioVersion = 17.5.33502.453
MinimumVisualStudioVersion = 10.0.40219.1
Project("{FAE04EC0-301F-11D3-BF4B-00C04F79EFBC}") = "ReversePolarity", "ReversePolarity\ReversePolarity.csproj", "{F28D4C4E-0A05-44BF-9D03-52FDD242BE39}"
EndProject
Project("{FAE04EC0-301F-11D3-BF4B-00C04F79EFBC}") = "ReversePolarity.Testing", "ReversePolarity.Testing\ReversePolarity.Testing.csproj", "{CB6FC513-A149-48FB-A9CF-441F7ED8A23E}"
EndProject
Global
	GlobalSection(SolutionConfigurationPlatforms) = preSolution
		Debug|Any CPU = Debug|Any CPU
		Release|Any CPU = Release|Any CPU
	EndGlobalSection
	GlobalSection(ProjectConfigurationPlatforms) = postSolution
		{F28D4C4E-0A05-44BF-9D03-52FDD242BE39}.Debug|Any CPU.ActiveCfg = Debug|Any CPU
		{F28D4C4E-0A05-44BF-9D03-52FDD242BE39}.Debug|Any CPU.Build.0 = Debug|Any CPU
		{F28D4C4E-0A05-44BF-9D03-52FDD242BE39}.Release|Any CPU.ActiveCfg = Release|Any CPU
		{F28D4C4E-0A05-44BF-9D03-52FDD242BE39}.Release|Any CPU.Build.0 = Release|Any CPU
		{CB6FC513-A149-48FB-A9CF-441F7ED8A23E}.Debug|Any CPU.ActiveCfg = Debug|Any CPU
		{CB6FC513-A149-48FB-A9CF-441F7ED8A23E}.Debug|Any CPU.Build.0 = Debug|Any CPU
		{CB6FC513-A149-48FB-A9CF-441F7ED8A23E}.Release|Any CPU.ActiveCfg = Release|Any CPU
		{CB6FC513-A149-48FB-A9CF-441F7ED8A23E}.Release|Any CPU.Build.0 = Release|Any CPU
	EndGlobalSection
	GlobalSection(SolutionProperties) = preSolution
		HideSolutionNode = FALSE
	EndGlobalSection
	GlobalSection(ExtensibilityGlobals) = postSolution
		SolutionGuid = {B75A9245-5E5F-4D4F-B393-D977E93B8FB9}
	EndGlobalSection
EndGlobal
